
Microsoft Visual Studio Solution File, Format Version 12.00
# Visual Studio Version 17
VisualStudioVersion = 17.4.33213.308
MinimumVisualStudioVersion = 10.0.40219.1
Project("{9A19103F-16F7-4668-BE54-9A1E7A4F7556}") = "PetShop_Api", "PetShp_Api\PetShop_Api.csproj", "{745A8357-8878-402F-A3DD-23E88B8C8300}"
EndProject
Global
	GlobalSection(SolutionConfigurationPlatforms) = preSolution
		Debug|Any CPU = Debug|Any CPU
		Release|Any CPU = Release|Any CPU
	EndGlobalSection
	GlobalSection(ProjectConfigurationPlatforms) = postSolution
		{745A8357-8878-402F-A3DD-23E88B8C8300}.Debug|Any CPU.ActiveCfg = Debug|Any CPU
		{745A8357-8878-402F-A3DD-23E88B8C8300}.Debug|Any CPU.Build.0 = Debug|Any CPU
		{745A8357-8878-402F-A3DD-23E88B8C8300}.Release|Any CPU.ActiveCfg = Release|Any CPU
		{745A8357-8878-402F-A3DD-23E88B8C8300}.Release|Any CPU.Build.0 = Release|Any CPU
	EndGlobalSection
	GlobalSection(SolutionProperties) = preSolution
		HideSolutionNode = FALSE
	EndGlobalSection
	GlobalSection(ExtensibilityGlobals) = postSolution
		SolutionGuid = {955EFBD9-4AE4-4FEC-BB82-441298782A16}
	EndGlobalSection
EndGlobal
